
Microsoft Visual Studio Solution File, Format Version 11.00
# Visual Studio 2010
Project("{FAE04EC0-301F-11D3-BF4B-00C04F79EFBC}") = "SuperHighSpeed", "Assembly-CSharp-firstpass.csproj", "{10742EA1-951F-E849-3E42-5CBAB3A494E2}"
EndProject
Project("{FAE04EC0-301F-11D3-BF4B-00C04F79EFBC}") = "SuperHighSpeed", "Assembly-CSharp.csproj", "{661907B1-AC44-CE5C-6A7B-4FEDF62B1D96}"
EndProject
Project("{FAE04EC0-301F-11D3-BF4B-00C04F79EFBC}") = "SuperHighSpeed", "Assembly-CSharp-Editor-firstpass.csproj", "{1A028080-738C-E79B-80E6-CCCE1C3C4895}"
EndProject
Project("{FAE04EC0-301F-11D3-BF4B-00C04F79EFBC}") = "SuperHighSpeed", "Assembly-CSharp-Editor.csproj", "{0E57123C-EFE5-E5F0-7166-CA600CF7EA88}"
EndProject
Project("{57191F2D-B08D-D32A-CEFF-56CC03EC8A88}") = "SuperHighSpeed", "Assembly-UnityScript.unityproj", "{EE82D138-6866-FFDC-FDF7-149AA6DB73C1}"
EndProject
Global
	GlobalSection(SolutionConfigurationPlatforms) = preSolution
		Debug|Any CPU = Debug|Any CPU
		Release|Any CPU = Release|Any CPU
	EndGlobalSection
	GlobalSection(ProjectConfigurationPlatforms) = postSolution
		{10742EA1-951F-E849-3E42-5CBAB3A494E2}.Debug|Any CPU.ActiveCfg = Debug|Any CPU
		{10742EA1-951F-E849-3E42-5CBAB3A494E2}.Debug|Any CPU.Build.0 = Debug|Any CPU
		{10742EA1-951F-E849-3E42-5CBAB3A494E2}.Release|Any CPU.ActiveCfg = Release|Any CPU
		{10742EA1-951F-E849-3E42-5CBAB3A494E2}.Release|Any CPU.Build.0 = Release|Any CPU
		{661907B1-AC44-CE5C-6A7B-4FEDF62B1D96}.Debug|Any CPU.ActiveCfg = Debug|Any CPU
		{661907B1-AC44-CE5C-6A7B-4FEDF62B1D96}.Debug|Any CPU.Build.0 = Debug|Any CPU
		{661907B1-AC44-CE5C-6A7B-4FEDF62B1D96}.Release|Any CPU.ActiveCfg = Release|Any CPU
		{661907B1-AC44-CE5C-6A7B-4FEDF62B1D96}.Release|Any CPU.Build.0 = Release|Any CPU
		{1A028080-738C-E79B-80E6-CCCE1C3C4895}.Debug|Any CPU.ActiveCfg = Debug|Any CPU
		{1A028080-738C-E79B-80E6-CCCE1C3C4895}.Debug|Any CPU.Build.0 = Debug|Any CPU
		{1A028080-738C-E79B-80E6-CCCE1C3C4895}.Release|Any CPU.ActiveCfg = Release|Any CPU
		{1A028080-738C-E79B-80E6-CCCE1C3C4895}.Release|Any CPU.Build.0 = Release|Any CPU
		{0E57123C-EFE5-E5F0-7166-CA600CF7EA88}.Debug|Any CPU.ActiveCfg = Debug|Any CPU
		{0E57123C-EFE5-E5F0-7166-CA600CF7EA88}.Debug|Any CPU.Build.0 = Debug|Any CPU
		{0E57123C-EFE5-E5F0-7166-CA600CF7EA88}.Release|Any CPU.ActiveCfg = Release|Any CPU
		{0E57123C-EFE5-E5F0-7166-CA600CF7EA88}.Release|Any CPU.Build.0 = Release|Any CPU
		{EE82D138-6866-FFDC-FDF7-149AA6DB73C1}.Debug|Any CPU.ActiveCfg = Debug|Any CPU
		{EE82D138-6866-FFDC-FDF7-149AA6DB73C1}.Debug|Any CPU.Build.0 = Debug|Any CPU
		{EE82D138-6866-FFDC-FDF7-149AA6DB73C1}.Release|Any CPU.ActiveCfg = Release|Any CPU
		{EE82D138-6866-FFDC-FDF7-149AA6DB73C1}.Release|Any CPU.Build.0 = Release|Any CPU
	EndGlobalSection
	GlobalSection(SolutionProperties) = preSolution
		HideSolutionNode = FALSE
	EndGlobalSection
	GlobalSection(MonoDevelopProperties) = preSolution
		StartupItem = Assembly-CSharp.csproj
	EndGlobalSection
EndGlobal
